// !$*UTF8*$!
{
	archiveVersion = 1;
	classes = {
	};
	objectVersion = 56;
	objects = {

/* Begin PBXBuildFile section */
		BB084ECC28E9102300565EAB /* LongestPalindrome.swift in Sources */ = {isa = PBXBuildFile; fileRef = BB084ECB28E9102300565EAB /* LongestPalindrome.swift */; };
		BB084ECD28E9102300565EAB /* LongestPalindrome.swift in Sources */ = {isa = PBXBuildFile; fileRef = BB084ECB28E9102300565EAB /* LongestPalindrome.swift */; };
		BB8587B428E7C83400EEF9C6 /* LengthOfLongestSubstring.swift in Sources */ = {isa = PBXBuildFile; fileRef = BB8587B328E7C83400EEF9C6 /* LengthOfLongestSubstring.swift */; };
		BB8587B528E7C83400EEF9C6 /* LengthOfLongestSubstring.swift in Sources */ = {isa = PBXBuildFile; fileRef = BB8587B328E7C83400EEF9C6 /* LengthOfLongestSubstring.swift */; };
		BB8587BA28E84C3400EEF9C6 /* FindMedianSortedArrays.swift in Sources */ = {isa = PBXBuildFile; fileRef = BB8587B928E84C3400EEF9C6 /* FindMedianSortedArrays.swift */; };
		BB8587BB28E84C3400EEF9C6 /* FindMedianSortedArrays.swift in Sources */ = {isa = PBXBuildFile; fileRef = BB8587B928E84C3400EEF9C6 /* FindMedianSortedArrays.swift */; };
		BBA7F9A528ED27F600B7ED76 /* IsMatch.swift in Sources */ = {isa = PBXBuildFile; fileRef = BBA7F9A428ED27F600B7ED76 /* IsMatch.swift */; };
		BBA7F9A628ED27F600B7ED76 /* IsMatch.swift in Sources */ = {isa = PBXBuildFile; fileRef = BBA7F9A428ED27F600B7ED76 /* IsMatch.swift */; };
		BBB2748C28E6D3AA0059880A /* main.swift in Sources */ = {isa = PBXBuildFile; fileRef = BBB2748B28E6D3AA0059880A /* main.swift */; };
		BBB2749928E6D3D60059880A /* TddLeetCodeTests.swift in Sources */ = {isa = PBXBuildFile; fileRef = BBB2749828E6D3D60059880A /* TddLeetCodeTests.swift */; };
		BBB2749F28E6D4240059880A /* TwoSum.swift in Sources */ = {isa = PBXBuildFile; fileRef = BBB2749E28E6D4240059880A /* TwoSum.swift */; };
		BBB274A028E6D4240059880A /* TwoSum.swift in Sources */ = {isa = PBXBuildFile; fileRef = BBB2749E28E6D4240059880A /* TwoSum.swift */; };
		BBB274A228E6D76E0059880A /* AddTwoNumbers.swift in Sources */ = {isa = PBXBuildFile; fileRef = BBB274A128E6D76E0059880A /* AddTwoNumbers.swift */; };
		BBB274A328E6D76E0059880A /* AddTwoNumbers.swift in Sources */ = {isa = PBXBuildFile; fileRef = BBB274A128E6D76E0059880A /* AddTwoNumbers.swift */; };
/* End PBXBuildFile section */

/* Begin PBXCopyFilesBuildPhase section */
		BBB2748628E6D3AA0059880A /* CopyFiles */ = {
			isa = PBXCopyFilesBuildPhase;
			buildActionMask = 2147483647;
			dstPath = /usr/share/man/man1/;
			dstSubfolderSpec = 0;
			files = (
			);
			runOnlyForDeploymentPostprocessing = 1;
		};
/* End PBXCopyFilesBuildPhase section */

/* Begin PBXFileReference section */
		BB084ECB28E9102300565EAB /* LongestPalindrome.swift */ = {isa = PBXFileReference; lastKnownFileType = sourcecode.swift; path = LongestPalindrome.swift; sourceTree = "<group>"; };
		BB8587B328E7C83400EEF9C6 /* LengthOfLongestSubstring.swift */ = {isa = PBXFileReference; lastKnownFileType = sourcecode.swift; path = LengthOfLongestSubstring.swift; sourceTree = "<group>"; };
		BB8587B928E84C3400EEF9C6 /* FindMedianSortedArrays.swift */ = {isa = PBXFileReference; lastKnownFileType = sourcecode.swift; path = FindMedianSortedArrays.swift; sourceTree = "<group>"; };
		BBA7F9A428ED27F600B7ED76 /* IsMatch.swift */ = {isa = PBXFileReference; lastKnownFileType = sourcecode.swift; path = IsMatch.swift; sourceTree = "<group>"; };
		BBB2748828E6D3AA0059880A /* TddLeetCode */ = {isa = PBXFileReference; explicitFileType = "compiled.mach-o.executable"; includeInIndex = 0; path = TddLeetCode; sourceTree = BUILT_PRODUCTS_DIR; };
		BBB2748B28E6D3AA0059880A /* main.swift */ = {isa = PBXFileReference; lastKnownFileType = sourcecode.swift; path = main.swift; sourceTree = "<group>"; };
		BBB2749628E6D3D60059880A /* TddLeetCodeTests.xctest */ = {isa = PBXFileReference; explicitFileType = wrapper.cfbundle; includeInIndex = 0; path = TddLeetCodeTests.xctest; sourceTree = BUILT_PRODUCTS_DIR; };
		BBB2749828E6D3D60059880A /* TddLeetCodeTests.swift */ = {isa = PBXFileReference; lastKnownFileType = sourcecode.swift; path = TddLeetCodeTests.swift; sourceTree = "<group>"; };
		BBB2749E28E6D4240059880A /* TwoSum.swift */ = {isa = PBXFileReference; lastKnownFileType = sourcecode.swift; path = TwoSum.swift; sourceTree = "<group>"; };
		BBB274A128E6D76E0059880A /* AddTwoNumbers.swift */ = {isa = PBXFileReference; lastKnownFileType = sourcecode.swift; path = AddTwoNumbers.swift; sourceTree = "<group>"; };
/* End PBXFileReference section */

/* Begin PBXFrameworksBuildPhase section */
		BBB2748528E6D3AA0059880A /* Frameworks */ = {
			isa = PBXFrameworksBuildPhase;
			buildActionMask = 2147483647;
			files = (
			);
			runOnlyForDeploymentPostprocessing = 0;
		};
		BBB2749328E6D3D60059880A /* Frameworks */ = {
			isa = PBXFrameworksBuildPhase;
			buildActionMask = 2147483647;
			files = (
			);
			runOnlyForDeploymentPostprocessing = 0;
		};
/* End PBXFrameworksBuildPhase section */

/* Begin PBXGroup section */
		BBB2747F28E6D3AA0059880A = {
			isa = PBXGroup;
			children = (
				BBB2748A28E6D3AA0059880A /* TddLeetCode */,
				BBB2749728E6D3D60059880A /* TddLeetCodeTests */,
				BBB2748928E6D3AA0059880A /* Products */,
			);
			sourceTree = "<group>";
		};
		BBB2748928E6D3AA0059880A /* Products */ = {
			isa = PBXGroup;
			children = (
				BBB2748828E6D3AA0059880A /* TddLeetCode */,
				BBB2749628E6D3D60059880A /* TddLeetCodeTests.xctest */,
			);
			name = Products;
			sourceTree = "<group>";
		};
		BBB2748A28E6D3AA0059880A /* TddLeetCode */ = {
			isa = PBXGroup;
			children = (
				BBB2749D28E6D40A0059880A /* Top100 */,
				BBB2748B28E6D3AA0059880A /* main.swift */,
			);
			path = TddLeetCode;
			sourceTree = "<group>";
		};
		BBB2749728E6D3D60059880A /* TddLeetCodeTests */ = {
			isa = PBXGroup;
			children = (
				BBB2749828E6D3D60059880A /* TddLeetCodeTests.swift */,
			);
			path = TddLeetCodeTests;
			sourceTree = "<group>";
		};
		BBB2749D28E6D40A0059880A /* Top100 */ = {
			isa = PBXGroup;
			children = (
				BBB2749E28E6D4240059880A /* TwoSum.swift */,
				BBB274A128E6D76E0059880A /* AddTwoNumbers.swift */,
				BB8587B328E7C83400EEF9C6 /* LengthOfLongestSubstring.swift */,
				BB8587B928E84C3400EEF9C6 /* FindMedianSortedArrays.swift */,
				BB084ECB28E9102300565EAB /* LongestPalindrome.swift */,
				BBA7F9A428ED27F600B7ED76 /* IsMatch.swift */,
			);
			path = Top100;
			sourceTree = "<group>";
		};
/* End PBXGroup section */

/* Begin PBXNativeTarget section */
		BBB2748728E6D3AA0059880A /* TddLeetCode */ = {
			isa = PBXNativeTarget;
			buildConfigurationList = BBB2748F28E6D3AA0059880A /* Build configuration list for PBXNativeTarget "TddLeetCode" */;
			buildPhases = (
				BBB2748428E6D3AA0059880A /* Sources */,
				BBB2748528E6D3AA0059880A /* Frameworks */,
				BBB2748628E6D3AA0059880A /* CopyFiles */,
			);
			buildRules = (
			);
			dependencies = (
			);
			name = TddLeetCode;
			productName = TddLeetCode;
			productReference = BBB2748828E6D3AA0059880A /* TddLeetCode */;
			productType = "com.apple.product-type.tool";
		};
		BBB2749528E6D3D60059880A /* TddLeetCodeTests */ = {
			isa = PBXNativeTarget;
			buildConfigurationList = BBB2749A28E6D3D60059880A /* Build configuration list for PBXNativeTarget "TddLeetCodeTests" */;
			buildPhases = (
				BBB2749228E6D3D60059880A /* Sources */,
				BBB2749328E6D3D60059880A /* Frameworks */,
				BBB2749428E6D3D60059880A /* Resources */,
			);
			buildRules = (
			);
			dependencies = (
			);
			name = TddLeetCodeTests;
			productName = TddLeetCodeTests;
			productReference = BBB2749628E6D3D60059880A /* TddLeetCodeTests.xctest */;
			productType = "com.apple.product-type.bundle.unit-test";
		};
/* End PBXNativeTarget section */

/* Begin PBXProject section */
		BBB2748028E6D3AA0059880A /* Project object */ = {
			isa = PBXProject;
			attributes = {
				BuildIndependentTargetsInParallel = 1;
				LastSwiftUpdateCheck = 1400;
				LastUpgradeCheck = 1400;
				TargetAttributes = {
					BBB2748728E6D3AA0059880A = {
						CreatedOnToolsVersion = 14.0.1;
					};
					BBB2749528E6D3D60059880A = {
						CreatedOnToolsVersion = 14.0.1;
					};
				};
			};
			buildConfigurationList = BBB2748328E6D3AA0059880A /* Build configuration list for PBXProject "TddLeetCode" */;
			compatibilityVersion = "Xcode 14.0";
			developmentRegion = en;
			hasScannedForEncodings = 0;
			knownRegions = (
				en,
				Base,
			);
			mainGroup = BBB2747F28E6D3AA0059880A;
			productRefGroup = BBB2748928E6D3AA0059880A /* Products */;
			projectDirPath = "";
			projectRoot = "";
			targets = (
				BBB2748728E6D3AA0059880A /* TddLeetCode */,
				BBB2749528E6D3D60059880A /* TddLeetCodeTests */,
			);
		};
/* End PBXProject section */

/* Begin PBXResourcesBuildPhase section */
		BBB2749428E6D3D60059880A /* Resources */ = {
			isa = PBXResourcesBuildPhase;
			buildActionMask = 2147483647;
			files = (
			);
			runOnlyForDeploymentPostprocessing = 0;
		};
/* End PBXResourcesBuildPhase section */

/* Begin PBXSourcesBuildPhase section */
		BBB2748428E6D3AA0059880A /* Sources */ = {
			isa = PBXSourcesBuildPhase;
			buildActionMask = 2147483647;
			files = (
				BBB274A228E6D76E0059880A /* AddTwoNumbers.swift in Sources */,
				BB8587BA28E84C3400EEF9C6 /* FindMedianSortedArrays.swift in Sources */,
				BB8587B428E7C83400EEF9C6 /* LengthOfLongestSubstring.swift in Sources */,
				BBA7F9A528ED27F600B7ED76 /* IsMatch.swift in Sources */,
				BBB2749F28E6D4240059880A /* TwoSum.swift in Sources */,
				BBB2748C28E6D3AA0059880A /* main.swift in Sources */,
				BB084ECC28E9102300565EAB /* LongestPalindrome.swift in Sources */,
			);
			runOnlyForDeploymentPostprocessing = 0;
		};
		BBB2749228E6D3D60059880A /* Sources */ = {
			isa = PBXSourcesBuildPhase;
			buildActionMask = 2147483647;
			files = (
				BBB274A328E6D76E0059880A /* AddTwoNumbers.swift in Sources */,
				BB8587BB28E84C3400EEF9C6 /* FindMedianSortedArrays.swift in Sources */,
				BB8587B528E7C83400EEF9C6 /* LengthOfLongestSubstring.swift in Sources */,
				BBA7F9A628ED27F600B7ED76 /* IsMatch.swift in Sources */,
				BBB274A028E6D4240059880A /* TwoSum.swift in Sources */,
				BBB2749928E6D3D60059880A /* TddLeetCodeTests.swift in Sources */,
				BB084ECD28E9102300565EAB /* LongestPalindrome.swift in Sources */,
			);
			runOnlyForDeploymentPostprocessing = 0;
		};
/* End PBXSourcesBuildPhase section */

/* Begin XCBuildConfiguration section */
		BBB2748D28E6D3AA0059880A /* Debug */ = {
			isa = XCBuildConfiguration;
			buildSettings = {
				ALWAYS_SEARCH_USER_PATHS = NO;
				CLANG_ANALYZER_NONNULL = YES;
				CLANG_ANALYZER_NUMBER_OBJECT_CONVERSION = YES_AGGRESSIVE;
				CLANG_CXX_LANGUAGE_STANDARD = "gnu++20";
				CLANG_ENABLE_MODULES = YES;
				CLANG_ENABLE_OBJC_ARC = YES;
				CLANG_ENABLE_OBJC_WEAK = YES;
				CLANG_WARN_BLOCK_CAPTURE_AUTORELEASING = YES;
				CLANG_WARN_BOOL_CONVERSION = YES;
				CLANG_WARN_COMMA = YES;
				CLANG_WARN_CONSTANT_CONVERSION = YES;
				CLANG_WARN_DEPRECATED_OBJC_IMPLEMENTATIONS = YES;
				CLANG_WARN_DIRECT_OBJC_ISA_USAGE = YES_ERROR;
				CLANG_WARN_DOCUMENTATION_COMMENTS = YES;
				CLANG_WARN_EMPTY_BODY = YES;
				CLANG_WARN_ENUM_CONVERSION = YES;
				CLANG_WARN_INFINITE_RECURSION = YES;
				CLANG_WARN_INT_CONVERSION = YES;
				CLANG_WARN_NON_LITERAL_NULL_CONVERSION = YES;
				CLANG_WARN_OBJC_IMPLICIT_RETAIN_SELF = YES;
				CLANG_WARN_OBJC_LITERAL_CONVERSION = YES;
				CLANG_WARN_OBJC_ROOT_CLASS = YES_ERROR;
				CLANG_WARN_QUOTED_INCLUDE_IN_FRAMEWORK_HEADER = YES;
				CLANG_WARN_RANGE_LOOP_ANALYSIS = YES;
				CLANG_WARN_STRICT_PROTOTYPES = YES;
				CLANG_WARN_SUSPICIOUS_MOVE = YES;
				CLANG_WARN_UNGUARDED_AVAILABILITY = YES_AGGRESSIVE;
				CLANG_WARN_UNREACHABLE_CODE = YES;
				CLANG_WARN__DUPLICATE_METHOD_MATCH = YES;
				COPY_PHASE_STRIP = NO;
				DEBUG_INFORMATION_FORMAT = dwarf;
				ENABLE_STRICT_OBJC_MSGSEND = YES;
				ENABLE_TESTABILITY = YES;
				GCC_C_LANGUAGE_STANDARD = gnu11;
				GCC_DYNAMIC_NO_PIC = NO;
				GCC_NO_COMMON_BLOCKS = YES;
				GCC_OPTIMIZATION_LEVEL = 0;
				GCC_PREPROCESSOR_DEFINITIONS = (
					"DEBUG=1",
					"$(inherited)",
				);
				GCC_WARN_64_TO_32_BIT_CONVERSION = YES;
				GCC_WARN_ABOUT_RETURN_TYPE = YES_ERROR;
				GCC_WARN_UNDECLARED_SELECTOR = YES;
				GCC_WARN_UNINITIALIZED_AUTOS = YES_AGGRESSIVE;
				GCC_WARN_UNUSED_FUNCTION = YES;
				GCC_WARN_UNUSED_VARIABLE = YES;
				MACOSX_DEPLOYMENT_TARGET = 12.3;
				MTL_ENABLE_DEBUG_INFO = INCLUDE_SOURCE;
				MTL_FAST_MATH = YES;
				ONLY_ACTIVE_ARCH = YES;
				SDKROOT = macosx;
				SWIFT_ACTIVE_COMPILATION_CONDITIONS = DEBUG;
				SWIFT_OPTIMIZATION_LEVEL = "-Onone";
			};
			name = Debug;
		};
		BBB2748E28E6D3AA0059880A /* Release */ = {
			isa = XCBuildConfiguration;
			buildSettings = {
				ALWAYS_SEARCH_USER_PATHS = NO;
				CLANG_ANALYZER_NONNULL = YES;
				CLANG_ANALYZER_NUMBER_OBJECT_CONVERSION = YES_AGGRESSIVE;
				CLANG_CXX_LANGUAGE_STANDARD = "gnu++20";
				CLANG_ENABLE_MODULES = YES;
				CLANG_ENABLE_OBJC_ARC = YES;
				CLANG_ENABLE_OBJC_WEAK = YES;
				CLANG_WARN_BLOCK_CAPTURE_AUTORELEASING = YES;
				CLANG_WARN_BOOL_CONVERSION = YES;
				CLANG_WARN_COMMA = YES;
				CLANG_WARN_CONSTANT_CONVERSION = YES;
				CLANG_WARN_DEPRECATED_OBJC_IMPLEMENTATIONS = YES;
				CLANG_WARN_DIRECT_OBJC_ISA_USAGE = YES_ERROR;
				CLANG_WARN_DOCUMENTATION_COMMENTS = YES;
				CLANG_WARN_EMPTY_BODY = YES;
				CLANG_WARN_ENUM_CONVERSION = YES;
				CLANG_WARN_INFINITE_RECURSION = YES;
				CLANG_WARN_INT_CONVERSION = YES;
				CLANG_WARN_NON_LITERAL_NULL_CONVERSION = YES;
				CLANG_WARN_OBJC_IMPLICIT_RETAIN_SELF = YES;
				CLANG_WARN_OBJC_LITERAL_CONVERSION = YES;
				CLANG_WARN_OBJC_ROOT_CLASS = YES_ERROR;
				CLANG_WARN_QUOTED_INCLUDE_IN_FRAMEWORK_HEADER = YES;
				CLANG_WARN_RANGE_LOOP_ANALYSIS = YES;
				CLANG_WARN_STRICT_PROTOTYPES = YES;
				CLANG_WARN_SUSPICIOUS_MOVE = YES;
				CLANG_WARN_UNGUARDED_AVAILABILITY = YES_AGGRESSIVE;
				CLANG_WARN_UNREACHABLE_CODE = YES;
				CLANG_WARN__DUPLICATE_METHOD_MATCH = YES;
				COPY_PHASE_STRIP = NO;
				DEBUG_INFORMATION_FORMAT = "dwarf-with-dsym";
				ENABLE_NS_ASSERTIONS = NO;
				ENABLE_STRICT_OBJC_MSGSEND = YES;
				GCC_C_LANGUAGE_STANDARD = gnu11;
				GCC_NO_COMMON_BLOCKS = YES;
				GCC_WARN_64_TO_32_BIT_CONVERSION = YES;
				GCC_WARN_ABOUT_RETURN_TYPE = YES_ERROR;
				GCC_WARN_UNDECLARED_SELECTOR = YES;
				GCC_WARN_UNINITIALIZED_AUTOS = YES_AGGRESSIVE;
				GCC_WARN_UNUSED_FUNCTION = YES;
				GCC_WARN_UNUSED_VARIABLE = YES;
				MACOSX_DEPLOYMENT_TARGET = 12.3;
				MTL_ENABLE_DEBUG_INFO = NO;
				MTL_FAST_MATH = YES;
				SDKROOT = macosx;
				SWIFT_COMPILATION_MODE = wholemodule;
				SWIFT_OPTIMIZATION_LEVEL = "-O";
			};
			name = Release;
		};
		BBB2749028E6D3AA0059880A /* Debug */ = {
			isa = XCBuildConfiguration;
			buildSettings = {
				CODE_SIGN_STYLE = Automatic;
				PRODUCT_NAME = "$(TARGET_NAME)";
				SWIFT_VERSION = 5.0;
			};
			name = Debug;
		};
		BBB2749128E6D3AA0059880A /* Release */ = {
			isa = XCBuildConfiguration;
			buildSettings = {
				CODE_SIGN_STYLE = Automatic;
				PRODUCT_NAME = "$(TARGET_NAME)";
				SWIFT_VERSION = 5.0;
			};
			name = Release;
		};
		BBB2749B28E6D3D60059880A /* Debug */ = {
			isa = XCBuildConfiguration;
			buildSettings = {
				CODE_SIGN_STYLE = Automatic;
				CURRENT_PROJECT_VERSION = 1;
				GENERATE_INFOPLIST_FILE = YES;
				MARKETING_VERSION = 1.0;
				PRODUCT_BUNDLE_IDENTIFIER = com.gaimanjing.TddLeetCodeTests;
				PRODUCT_NAME = "$(TARGET_NAME)";
				SWIFT_EMIT_LOC_STRINGS = NO;
				SWIFT_VERSION = 5.0;
			};
			name = Debug;
		};
		BBB2749C28E6D3D60059880A /* Release */ = {
			isa = XCBuildConfiguration;
			buildSettings = {
				CODE_SIGN_STYLE = Automatic;
				CURRENT_PROJECT_VERSION = 1;
				GENERATE_INFOPLIST_FILE = YES;
				MARKETING_VERSION = 1.0;
				PRODUCT_BUNDLE_IDENTIFIER = com.gaimanjing.TddLeetCodeTests;
				PRODUCT_NAME = "$(TARGET_NAME)";
				SWIFT_EMIT_LOC_STRINGS = NO;
				SWIFT_VERSION = 5.0;
			};
			name = Release;
		};
/* End XCBuildConfiguration section */

/* Begin XCConfigurationList section */
		BBB2748328E6D3AA0059880A /* Build configuration list for PBXProject "TddLeetCode" */ = {
			isa = XCConfigurationList;
			buildConfigurations = (
				BBB2748D28E6D3AA0059880A /* Debug */,
				BBB2748E28E6D3AA0059880A /* Release */,
			);
			defaultConfigurationIsVisible = 0;
			defaultConfigurationName = Release;
		};
		BBB2748F28E6D3AA0059880A /* Build configuration list for PBXNativeTarget "TddLeetCode" */ = {
			isa = XCConfigurationList;
			buildConfigurations = (
				BBB2749028E6D3AA0059880A /* Debug */,
				BBB2749128E6D3AA0059880A /* Release */,
			);
			defaultConfigurationIsVisible = 0;
			defaultConfigurationName = Release;
		};
		BBB2749A28E6D3D60059880A /* Build configuration list for PBXNativeTarget "TddLeetCodeTests" */ = {
			isa = XCConfigurationList;
			buildConfigurations = (
				BBB2749B28E6D3D60059880A /* Debug */,
				BBB2749C28E6D3D60059880A /* Release */,
			);
			defaultConfigurationIsVisible = 0;
			defaultConfigurationName = Release;
		};
/* End XCConfigurationList section */
	};
	rootObject = BBB2748028E6D3AA0059880A /* Project object */;
}
